// !$*UTF8*$!
{
	archiveVersion = 1;
	classes = {
	};
	objectVersion = 46;
	objects = {

/* Begin PBXBuildFile section */
		C55FB1F41A956AF2007BD9A2 /* AppDelegate.swift in Sources */ = {isa = PBXBuildFile; fileRef = C55FB1F31A956AF2007BD9A2 /* AppDelegate.swift */; };
		C55FB1F61A956AF2007BD9A2 /* ViewController.swift in Sources */ = {isa = PBXBuildFile; fileRef = C55FB1F51A956AF2007BD9A2 /* ViewController.swift */; };
		C55FB1F91A956AF2007BD9A2 /* Main.storyboard in Resources */ = {isa = PBXBuildFile; fileRef = C55FB1F71A956AF2007BD9A2 /* Main.storyboard */; };
		C55FB1FB1A956AF2007BD9A2 /* Images.xcassets in Resources */ = {isa = PBXBuildFile; fileRef = C55FB1FA1A956AF2007BD9A2 /* Images.xcassets */; };
		C55FB1FE1A956AF2007BD9A2 /* LaunchScreen.xib in Resources */ = {isa = PBXBuildFile; fileRef = C55FB1FC1A956AF2007BD9A2 /* LaunchScreen.xib */; };
		C55FB20A1A956AF2007BD9A2 /* TwitterTests.swift in Sources */ = {isa = PBXBuildFile; fileRef = C55FB2091A956AF2007BD9A2 /* TwitterTests.swift */; };
/* End PBXBuildFile section */

/* Begin PBXContainerItemProxy section */
		C55FB2041A956AF2007BD9A2 /* PBXContainerItemProxy */ = {
			isa = PBXContainerItemProxy;
			containerPortal = C55FB1E61A956AF2007BD9A2 /* Project object */;
			proxyType = 1;
			remoteGlobalIDString = C55FB1ED1A956AF2007BD9A2;
			remoteInfo = Twitter;
		};
/* End PBXContainerItemProxy section */

/* Begin PBXFileReference section */
		C55FB1EE1A956AF2007BD9A2 /* Twitter.app */ = {isa = PBXFileReference; explicitFileType = wrapper.application; includeInIndex = 0; path = Twitter.app; sourceTree = BUILT_PRODUCTS_DIR; };
		C55FB1F21A956AF2007BD9A2 /* Info.plist */ = {isa = PBXFileReference; lastKnownFileType = text.plist.xml; path = Info.plist; sourceTree = "<group>"; };
		C55FB1F31A956AF2007BD9A2 /* AppDelegate.swift */ = {isa = PBXFileReference; lastKnownFileType = sourcecode.swift; path = AppDelegate.swift; sourceTree = "<group>"; };
		C55FB1F51A956AF2007BD9A2 /* ViewController.swift */ = {isa = PBXFileReference; lastKnownFileType = sourcecode.swift; path = ViewController.swift; sourceTree = "<group>"; };
		C55FB1F81A956AF2007BD9A2 /* Base */ = {isa = PBXFileReference; lastKnownFileType = file.storyboard; name = Base; path = Base.lproj/Main.storyboard; sourceTree = "<group>"; };
		C55FB1FA1A956AF2007BD9A2 /* Images.xcassets */ = {isa = PBXFileReference; lastKnownFileType = folder.assetcatalog; path = Images.xcassets; sourceTree = "<group>"; };
		C55FB1FD1A956AF2007BD9A2 /* Base */ = {isa = PBXFileReference; lastKnownFileType = file.xib; name = Base; path = Base.lproj/LaunchScreen.xib; sourceTree = "<group>"; };
		C55FB2031A956AF2007BD9A2 /* TwitterTests.xctest */ = {isa = PBXFileReference; explicitFileType = wrapper.cfbundle; includeInIndex = 0; path = TwitterTests.xctest; sourceTree = BUILT_PRODUCTS_DIR; };
		C55FB2081A956AF2007BD9A2 /* Info.plist */ = {isa = PBXFileReference; lastKnownFileType = text.plist.xml; path = Info.plist; sourceTree = "<group>"; };
		C55FB2091A956AF2007BD9A2 /* TwitterTests.swift */ = {isa = PBXFileReference; lastKnownFileType = sourcecode.swift; path = TwitterTests.swift; sourceTree = "<group>"; };
/* End PBXFileReference section */

/* Begin PBXFrameworksBuildPhase section */
		C55FB1EB1A956AF2007BD9A2 /* Frameworks */ = {
			isa = PBXFrameworksBuildPhase;
			buildActionMask = 2147483647;
			files = (
			);
			runOnlyForDeploymentPostprocessing = 0;
		};
		C55FB2001A956AF2007BD9A2 /* Frameworks */ = {
			isa = PBXFrameworksBuildPhase;
			buildActionMask = 2147483647;
			files = (
			);
			runOnlyForDeploymentPostprocessing = 0;
		};
/* End PBXFrameworksBuildPhase section */

/* Begin PBXGroup section */
		C55FB1E51A956AF2007BD9A2 = {
			isa = PBXGroup;
			children = (
				C55FB1F01A956AF2007BD9A2 /* Twitter */,
				C55FB2061A956AF2007BD9A2 /* TwitterTests */,
				C55FB1EF1A956AF2007BD9A2 /* Products */,
			);
			sourceTree = "<group>";
		};
		C55FB1EF1A956AF2007BD9A2 /* Products */ = {
			isa = PBXGroup;
			children = (
				C55FB1EE1A956AF2007BD9A2 /* Twitter.app */,
				C55FB2031A956AF2007BD9A2 /* TwitterTests.xctest */,
			);
			name = Products;
			sourceTree = "<group>";
		};
		C55FB1F01A956AF2007BD9A2 /* Twitter */ = {
			isa = PBXGroup;
			children = (
				C55FB1F31A956AF2007BD9A2 /* AppDelegate.swift */,
				C55FB1F51A956AF2007BD9A2 /* ViewController.swift */,
				C55FB1F71A956AF2007BD9A2 /* Main.storyboard */,
				C55FB1FA1A956AF2007BD9A2 /* Images.xcassets */,
				C55FB1FC1A956AF2007BD9A2 /* LaunchScreen.xib */,
				C55FB1F11A956AF2007BD9A2 /* Supporting Files */,
			);
			path = Twitter;
			sourceTree = "<group>";
		};
		C55FB1F11A956AF2007BD9A2 /* Supporting Files */ = {
			isa = PBXGroup;
			children = (
				C55FB1F21A956AF2007BD9A2 /* Info.plist */,
			);
			name = "Supporting Files";
			sourceTree = "<group>";
		};
		C55FB2061A956AF2007BD9A2 /* TwitterTests */ = {
			isa = PBXGroup;
			children = (
				C55FB2091A956AF2007BD9A2 /* TwitterTests.swift */,
				C55FB2071A956AF2007BD9A2 /* Supporting Files */,
			);
			path = TwitterTests;
			sourceTree = "<group>";
		};
		C55FB2071A956AF2007BD9A2 /* Supporting Files */ = {
			isa = PBXGroup;
			children = (
				C55FB2081A956AF2007BD9A2 /* Info.plist */,
			);
			name = "Supporting Files";
			sourceTree = "<group>";
		};
/* End PBXGroup section */

/* Begin PBXNativeTarget section */
		C55FB1ED1A956AF2007BD9A2 /* Twitter */ = {
			isa = PBXNativeTarget;
			buildConfigurationList = C55FB20D1A956AF2007BD9A2 /* Build configuration list for PBXNativeTarget "Twitter" */;
			buildPhases = (
				C55FB1EA1A956AF2007BD9A2 /* Sources */,
				C55FB1EB1A956AF2007BD9A2 /* Frameworks */,
				C55FB1EC1A956AF2007BD9A2 /* Resources */,
			);
			buildRules = (
			);
			dependencies = (
			);
			name = Twitter;
			productName = Twitter;
			productReference = C55FB1EE1A956AF2007BD9A2 /* Twitter.app */;
			productType = "com.apple.product-type.application";
		};
		C55FB2021A956AF2007BD9A2 /* TwitterTests */ = {
			isa = PBXNativeTarget;
			buildConfigurationList = C55FB2101A956AF2007BD9A2 /* Build configuration list for PBXNativeTarget "TwitterTests" */;
			buildPhases = (
				C55FB1FF1A956AF2007BD9A2 /* Sources */,
				C55FB2001A956AF2007BD9A2 /* Frameworks */,
				C55FB2011A956AF2007BD9A2 /* Resources */,
			);
			buildRules = (
			);
			dependencies = (
				C55FB2051A956AF2007BD9A2 /* PBXTargetDependency */,
			);
			name = TwitterTests;
			productName = TwitterTests;
			productReference = C55FB2031A956AF2007BD9A2 /* TwitterTests.xctest */;
			productType = "com.apple.product-type.bundle.unit-test";
		};
/* End PBXNativeTarget section */

/* Begin PBXProject section */
		C55FB1E61A956AF2007BD9A2 /* Project object */ = {
			isa = PBXProject;
			attributes = {
				LastUpgradeCheck = 0610;
				ORGANIZATIONNAME = "___rvkn___";
				TargetAttributes = {
					C55FB1ED1A956AF2007BD9A2 = {
						CreatedOnToolsVersion = 6.1.1;
					};
					C55FB2021A956AF2007BD9A2 = {
						CreatedOnToolsVersion = 6.1.1;
						TestTargetID = C55FB1ED1A956AF2007BD9A2;
					};
				};
			};
			buildConfigurationList = C55FB1E91A956AF2007BD9A2 /* Build configuration list for PBXProject "Twitter" */;
			compatibilityVersion = "Xcode 3.2";
			developmentRegion = English;
			hasScannedForEncodings = 0;
			knownRegions = (
				en,
				Base,
			);
			mainGroup = C55FB1E51A956AF2007BD9A2;
			productRefGroup = C55FB1EF1A956AF2007BD9A2 /* Products */;
			projectDirPath = "";
			projectRoot = "";
			targets = (
				C55FB1ED1A956AF2007BD9A2 /* Twitter */,
				C55FB2021A956AF2007BD9A2 /* TwitterTests */,
			);
		};
/* End PBXProject section */

/* Begin PBXResourcesBuildPhase section */
		C55FB1EC1A956AF2007BD9A2 /* Resources */ = {
			isa = PBXResourcesBuildPhase;
			buildActionMask = 2147483647;
			files = (
				C55FB1F91A956AF2007BD9A2 /* Main.storyboard in Resources */,
				C55FB1FE1A956AF2007BD9A2 /* LaunchScreen.xib in Resources */,
				C55FB1FB1A956AF2007BD9A2 /* Images.xcassets in Resources */,
			);
			runOnlyForDeploymentPostprocessing = 0;
		};
		C55FB2011A956AF2007BD9A2 /* Resources */ = {
			isa = PBXResourcesBuildPhase;
			buildActionMask = 2147483647;
			files = (
			);
			runOnlyForDeploymentPostprocessing = 0;
		};
/* End PBXResourcesBuildPhase section */

/* Begin PBXSourcesBuildPhase section */
		C55FB1EA1A956AF2007BD9A2 /* Sources */ = {
			isa = PBXSourcesBuildPhase;
			buildActionMask = 2147483647;
			files = (
				C55FB1F61A956AF2007BD9A2 /* ViewController.swift in Sources */,
				C55FB1F41A956AF2007BD9A2 /* AppDelegate.swift in Sources */,
			);
			runOnlyForDeploymentPostprocessing = 0;
		};
		C55FB1FF1A956AF2007BD9A2 /* Sources */ = {
			isa = PBXSourcesBuildPhase;
			buildActionMask = 2147483647;
			files = (
				C55FB20A1A956AF2007BD9A2 /* TwitterTests.swift in Sources */,
			);
			runOnlyForDeploymentPostprocessing = 0;
		};
/* End PBXSourcesBuildPhase section */

/* Begin PBXTargetDependency section */
		C55FB2051A956AF2007BD9A2 /* PBXTargetDependency */ = {
			isa = PBXTargetDependency;
			target = C55FB1ED1A956AF2007BD9A2 /* Twitter */;
			targetProxy = C55FB2041A956AF2007BD9A2 /* PBXContainerItemProxy */;
		};
/* End PBXTargetDependency section */

/* Begin PBXVariantGroup section */
		C55FB1F71A956AF2007BD9A2 /* Main.storyboard */ = {
			isa = PBXVariantGroup;
			children = (
				C55FB1F81A956AF2007BD9A2 /* Base */,
			);
			name = Main.storyboard;
			sourceTree = "<group>";
		};
		C55FB1FC1A956AF2007BD9A2 /* LaunchScreen.xib */ = {
			isa = PBXVariantGroup;
			children = (
				C55FB1FD1A956AF2007BD9A2 /* Base */,
			);
			name = LaunchScreen.xib;
			sourceTree = "<group>";
		};
/* End PBXVariantGroup section */

/* Begin XCBuildConfiguration section */
		C55FB20B1A956AF2007BD9A2 /* Debug */ = {
			isa = XCBuildConfiguration;
			buildSettings = {
				ALWAYS_SEARCH_USER_PATHS = NO;
				CLANG_CXX_LANGUAGE_STANDARD = "gnu++0x";
				CLANG_CXX_LIBRARY = "libc++";
				CLANG_ENABLE_MODULES = YES;
				CLANG_ENABLE_OBJC_ARC = YES;
				CLANG_WARN_BOOL_CONVERSION = YES;
				CLANG_WARN_CONSTANT_CONVERSION = YES;
				CLANG_WARN_DIRECT_OBJC_ISA_USAGE = YES_ERROR;
				CLANG_WARN_EMPTY_BODY = YES;
				CLANG_WARN_ENUM_CONVERSION = YES;
				CLANG_WARN_INT_CONVERSION = YES;
				CLANG_WARN_OBJC_ROOT_CLASS = YES_ERROR;
				CLANG_WARN_UNREACHABLE_CODE = YES;
				CLANG_WARN__DUPLICATE_METHOD_MATCH = YES;
				"CODE_SIGN_IDENTITY[sdk=iphoneos*]" = "iPhone Developer";
				COPY_PHASE_STRIP = NO;
				ENABLE_STRICT_OBJC_MSGSEND = YES;
				GCC_C_LANGUAGE_STANDARD = gnu99;
				GCC_DYNAMIC_NO_PIC = NO;
				GCC_OPTIMIZATION_LEVEL = 0;
				GCC_PREPROCESSOR_DEFINITIONS = (
					"DEBUG=1",
					"$(inherited)",
				);
				GCC_SYMBOLS_PRIVATE_EXTERN = NO;
				GCC_WARN_64_TO_32_BIT_CONVERSION = YES;
				GCC_WARN_ABOUT_RETURN_TYPE = YES_ERROR;
				GCC_WARN_UNDECLARED_SELECTOR = YES;
				GCC_WARN_UNINITIALIZED_AUTOS = YES_AGGRESSIVE;
				GCC_WARN_UNUSED_FUNCTION = YES;
				GCC_WARN_UNUSED_VARIABLE = YES;
				IPHONEOS_DEPLOYMENT_TARGET = 8.1;
				MTL_ENABLE_DEBUG_INFO = YES;
				ONLY_ACTIVE_ARCH = YES;
				SDKROOT = iphoneos;
				SWIFT_OPTIMIZATION_LEVEL = "-Onone";
				TARGETED_DEVICE_FAMILY = "1,2";
			};
			name = Debug;
		};
		C55FB20C1A956AF2007BD9A2 /* Release */ = {
			isa = XCBuildConfiguration;
			buildSettings = {
				ALWAYS_SEARCH_USER_PATHS = NO;
				CLANG_CXX_LANGUAGE_STANDARD = "gnu++0x";
				CLANG_CXX_LIBRARY = "libc++";
				CLANG_ENABLE_MODULES = YES;
				CLANG_ENABLE_OBJC_ARC = YES;
				CLANG_WARN_BOOL_CONVERSION = YES;
				CLANG_WARN_CONSTANT_CONVERSION = YES;
				CLANG_WARN_DIRECT_OBJC_ISA_USAGE = YES_ERROR;
				CLANG_WARN_EMPTY_BODY = YES;
				CLANG_WARN_ENUM_CONVERSION = YES;
				CLANG_WARN_INT_CONVERSION = YES;
				CLANG_WARN_OBJC_ROOT_CLASS = YES_ERROR;
				CLANG_WARN_UNREACHABLE_CODE = YES;
				CLANG_WARN__DUPLICATE_METHOD_MATCH = YES;
				"CODE_SIGN_IDENTITY[sdk=iphoneos*]" = "iPhone Developer";
				COPY_PHASE_STRIP = YES;
				ENABLE_NS_ASSERTIONS = NO;
				ENABLE_STRICT_OBJC_MSGSEND = YES;
				GCC_C_LANGUAGE_STANDARD = gnu99;
				GCC_WARN_64_TO_32_BIT_CONVERSION = YES;
				GCC_WARN_ABOUT_RETURN_TYPE = YES_ERROR;
				GCC_WARN_UNDECLARED_SELECTOR = YES;
				GCC_WARN_UNINITIALIZED_AUTOS = YES_AGGRESSIVE;
				GCC_WARN_UNUSED_FUNCTION = YES;
				GCC_WARN_UNUSED_VARIABLE = YES;
				IPHONEOS_DEPLOYMENT_TARGET = 8.1;
				MTL_ENABLE_DEBUG_INFO = NO;
				SDKROOT = iphoneos;
				TARGETED_DEVICE_FAMILY = "1,2";
				VALIDATE_PRODUCT = YES;
			};
			name = Release;
		};
		C55FB20E1A956AF2007BD9A2 /* Debug */ = {
			isa = XCBuildConfiguration;
			buildSettings = {
				ASSETCATALOG_COMPILER_APPICON_NAME = AppIcon;
				INFOPLIST_FILE = Twitter/Info.plist;
				LD_RUNPATH_SEARCH_PATHS = "$(inherited) @executable_path/Frameworks";
				PRODUCT_NAME = "$(TARGET_NAME)";
			};
			name = Debug;
		};
		C55FB20F1A956AF2007BD9A2 /* Release */ = {
			isa = XCBuildConfiguration;
			buildSettings = {
				ASSETCATALOG_COMPILER_APPICON_NAME = AppIcon;
				INFOPLIST_FILE = Twitter/Info.plist;
				LD_RUNPATH_SEARCH_PATHS = "$(inherited) @executable_path/Frameworks";
				PRODUCT_NAME = "$(TARGET_NAME)";
			};
			name = Release;
		};
		C55FB2111A956AF2007BD9A2 /* Debug */ = {
			isa = XCBuildConfiguration;
			buildSettings = {
				BUNDLE_LOADER = "$(TEST_HOST)";
				FRAMEWORK_SEARCH_PATHS = (
					"$(SDKROOT)/Developer/Library/Frameworks",
					"$(inherited)",
				);
				GCC_PREPROCESSOR_DEFINITIONS = (
					"DEBUG=1",
					"$(inherited)",
				);
				INFOPLIST_FILE = TwitterTests/Info.plist;
				LD_RUNPATH_SEARCH_PATHS = "$(inherited) @executable_path/Frameworks @loader_path/Frameworks";
				PRODUCT_NAME = "$(TARGET_NAME)";
				TEST_HOST = "$(BUILT_PRODUCTS_DIR)/Twitter.app/Twitter";
			};
			name = Debug;
		};
		C55FB2121A956AF2007BD9A2 /* Release */ = {
			isa = XCBuildConfiguration;
			buildSettings = {
				BUNDLE_LOADER = "$(TEST_HOST)";
				FRAMEWORK_SEARCH_PATHS = (
					"$(SDKROOT)/Developer/Library/Frameworks",
					"$(inherited)",
				);
				INFOPLIST_FILE = TwitterTests/Info.plist;
				LD_RUNPATH_SEARCH_PATHS = "$(inherited) @executable_path/Frameworks @loader_path/Frameworks";
				PRODUCT_NAME = "$(TARGET_NAME)";
				TEST_HOST = "$(BUILT_PRODUCTS_DIR)/Twitter.app/Twitter";
			};
			name = Release;
		};
/* End XCBuildConfiguration section */

/* Begin XCConfigurationList section */
		C55FB1E91A956AF2007BD9A2 /* Build configuration list for PBXProject "Twitter" */ = {
			isa = XCConfigurationList;
			buildConfigurations = (
				C55FB20B1A956AF2007BD9A2 /* Debug */,
				C55FB20C1A956AF2007BD9A2 /* Release */,
			);
			defaultConfigurationIsVisible = 0;
			defaultConfigurationName = Release;
		};
		C55FB20D1A956AF2007BD9A2 /* Build configuration list for PBXNativeTarget "Twitter" */ = {
			isa = XCConfigurationList;
			buildConfigurations = (
				C55FB20E1A956AF2007BD9A2 /* Debug */,
				C55FB20F1A956AF2007BD9A2 /* Release */,
			);
			defaultConfigurationIsVisible = 0;
		};
		C55FB2101A956AF2007BD9A2 /* Build configuration list for PBXNativeTarget "TwitterTests" */ = {
			isa = XCConfigurationList;
			buildConfigurations = (
				C55FB2111A956AF2007BD9A2 /* Debug */,
				C55FB2121A956AF2007BD9A2 /* Release */,
			);
			defaultConfigurationIsVisible = 0;
		};
/* End XCConfigurationList section */
	};
	rootObject = C55FB1E61A956AF2007BD9A2 /* Project object */;
}
